# This file is automatically generated.
# It is not intended for manual editing.
version = 1

[[packages]]
name = "wasi:cli"
registry = "wasi.dev"

[[packages.versions]]
requirement = "=0.2.12"
version = "0.2.12"
digest = "sha256:d548a7ee2a3ff65e29c452e4327b7e625813420f4bdd7e16f7e46d32c5dff8c6"

[[packages]]
name = "wasi:clocks"
registry = "wasi.dev"

[[packages.versions]]
requirement = "=0.2.12"
version = "0.2.12"
digest = "sha256:29e94d379b2239df6bc23cdfc6232dc69ffeb7cc236349fab2244803c323d92b"

[[packages]]
name = "wasi:io"
registry = "wasi.dev"

[[packages.versions]]
requirement = "=0.2.12"
version = "0.2.12"
digest = "sha256:910ed36e3589ab4c16c9942528152b80485e659852297916313318da47b44af8"

[[packages]]
name = "wasi:random"
registry = "wasi.dev"

[[packages.versions]]
requirement = "=0.2.12"
version = "0.2.12"
digest = "sha256:27a883ca86f062bf8010a86e0d56a2bc0238125d065f6a4b41a0c3a9d8de66f3"
