// !$*UTF8*$!
{
	archiveVersion = 1;
	classes = {
	};
	objectVersion = 50;
	objects = {

/* Begin PBXBuildFile section */
		47729E0622F447C800B9B36B /* AppDelegate.swift in Sources */ = {isa = PBXBuildFile; fileRef = 47729E0522F447C800B9B36B /* AppDelegate.swift */; };
		47729E0822F447C800B9B36B /* Vie qwController.swift in Sources */ = {isa = PBXBuildFile; fileRef = 47729E0722F447C800B9B36B /* ViewController.swift */; };
		47729E0B22F447C800B9B36B /* Main.storyboard in Resources */ = {isa = PBXBuildFile; fileRef = 47729E0922F447C800B9B36B /* Main.storyboard */; };
		47729E0D22F447CA00B9B36B /* Assets.xcassets in Resources */ = {isa = PBXBuildFile; fileRef = 47729E0C22F447CA00B9B36B /* Assets.xcassets */; };
		47729E1022F447CA00B9B36B /* LaunchScreen.storyboard in Resources */ = {isa = PBXBuildFile; fileRef = 47729E0E22F447CA00B9B36B /* LaunchScreen.storyboard */; };
		47729E1B22F447CA00B9B36B /* ${moduleName}Tests.swift in Sources */ = {isa = PBXBuildFile; fileRef = 47729E1A22F447CA00B9B36B /* ${moduleName}Tests.swift */; };
		47729E2622F447CA00B9B36B /* ${moduleName}UITests.swift in Sources */ = {isa = PBXBuildFile; fileRef = 47729E2522F447CA00B9B36B /* ${moduleName}UITests.swift */; };
		47729E6E22F4806C00B9B36B /* ${sharedModuleName}.framework in Frameworks */ = {isa = PBXBuildFile; fileRef = 47729E6D22F4806B00B9B36B /* ${sharedModuleName}.framework */; };
		47729E6F22F4806C00B9B36B /* ${sharedModuleName}.framework in Embed Frameworks */ = {isa = PBXBuildFile; fileRef = 47729E6D22F4806B00B9B36B /* ${sharedModuleName}.framework */; settings = {ATTRIBUTES = (CodeSignOnCopy, RemoveHeadersOnCopy, ); }; };
/* End PBXBuildFile section */

/* Begin PBXContainerItemProxy section */
		47729E1722F447CA00B9B36B /* PBXContainerItemProxy */ = {
			isa = PBXContainerItemProxy;
			containerPortal = 47729DFA22F447C800B9B36B /* Project object */;
			proxyType = 1;
			remoteGlobalIDString = 47729E0122F447C800B9B36B;
			remoteInfo = ${moduleName};
		};
		47729E2222F447CA00B9B36B /* PBXContainerItemProxy */ = {
			isa = PBXContainerItemProxy;
			containerPortal = 47729DFA22F447C800B9B36B /* Project object */;
			proxyType = 1;
			remoteGlobalIDString = 47729E0122F447C800B9B36B;
			remoteInfo = ${moduleName};
		};
/* End PBXContainerItemProxy section */

/* Begin PBXCopyFilesBuildPhase section */
		47729E7022F4806C00B9B36B /* Embed Frameworks */ = {
			isa = PBXCopyFilesBuildPhase;
			buildActionMask = 2147483647;
			dstPath = "";
			dstSubfolderSpec = 10;
			files = (
				47729E6F22F4806C00B9B36B /* ${sharedModuleName}.framework in Embed Frameworks */,
			);
			name = "Embed Frameworks";
			runOnlyForDeploymentPostprocessing = 0;
		};
/* End PBXCopyFilesBuildPhase section */

/* Begin PBXFileReference section */
		47729E0222F447C800B9B36B /* ${moduleName}.app */ = {isa = PBXFileReference; explicitFileType = wrapper.application; includeInIndex = 0; path = ${moduleName}.app; sourceTree = BUILT_PRODUCTS_DIR; };
		47729E0522F447C800B9B36B /* AppDelegate.swift */ = {isa = PBXFileReference; lastKnownFileType = sourcecode.swift; path = AppDelegate.swift; sourceTree = "<group>"; };
		47729E0722F447C800B9B36B /* ViewController.swift */ = {isa = PBXFileReference; lastKnownFileType = sourcecode.swift; path = ViewController.swift; sourceTree = "<group>"; };
		47729E0A22F447C800B9B36B /* Base */ = {isa = PBXFileReference; lastKnownFileType = file.storyboard; name = Base; path = Base.lproj/Main.storyboard; sourceTree = "<group>"; };
		47729E0C22F447CA00B9B36B /* Assets.xcassets */ = {isa = PBXFileReference; lastKnownFileType = folder.assetcatalog; path = Assets.xcassets; sourceTree = "<group>"; };
		47729E0F22F447CA00B9B36B /* Base */ = {isa = PBXFileReference; lastKnownFileType = file.storyboard; name = Base; path = Base.lproj/LaunchScreen.storyboard; sourceTree = "<group>"; };
		47729E1122F447CA00B9B36B /* Info.plist */ = {isa = PBXFileReference; lastKnownFileType = text.plist.xml; path = Info.plist; sourceTree = "<group>"; };
		47729E1622F447CA00B9B36B /* ${moduleName}Tests.xctest */ = {isa = PBXFileReference; explicitFileType = wrapper.cfbundle; includeInIndex = 0; path = ${moduleName}Tests.xctest; sourceTree = BUILT_PRODUCTS_DIR; };
		47729E1A22F447CA00B9B36B /* ${moduleName}Tests.swift */ = {isa = PBXFileReference; lastKnownFileType = sourcecode.swift; path = ${moduleName}Tests.swift; sourceTree = "<group>"; };
		47729E1C22F447CA00B9B36B /* Info.plist */ = {isa = PBXFileReference; lastKnownFileType = text.plist.xml; path = Info.plist; sourceTree = "<group>"; };
		47729E2122F447CA00B9B36B /* ${moduleName}UITests.xctest */ = {isa = PBXFileReference; explicitFileType = wrapper.cfbundle; includeInIndex = 0; path = ${moduleName}UITests.xctest; sourceTree = BUILT_PRODUCTS_DIR; };
		47729E2522F447CA00B9B36B /* ${moduleName}UITests.swift */ = {isa = PBXFileReference; lastKnownFileType = sourcecode.swift; path = ${moduleName}UITests.swift; sourceTree = "<group>"; };
		47729E2722F447CA00B9B36B /* Info.plist */ = {isa = PBXFileReference; lastKnownFileType = text.plist.xml; path = Info.plist; sourceTree = "<group>"; };
		47729E6D22F4806B00B9B36B /* ${sharedModuleName}.framework */ = {isa = PBXFileReference; lastKnownFileType = wrapper.framework; name = ${sharedModuleName}.framework; path = "${pathToSharedModule}/build/xcode-frameworks/${sharedModuleName}.framework"; sourceTree = "<group>"; };
/* End PBXFileReference section */

/* Begin PBXFrameworksBuildPhase section */
		47729DFF22F447C800B9B36B /* Frameworks */ = {
			isa = PBXFrameworksBuildPhase;
			buildActionMask = 2147483647;
			files = (
				47729E6E22F4806C00B9B36B /* ${sharedModuleName}.framework in Frameworks */,
			);
			runOnlyForDeploymentPostprocessing = 0;
		};
		47729E1322F447CA00B9B36B /* Frameworks */ = {
			isa = PBXFrameworksBuildPhase;
			buildActionMask = 2147483647;
			files = (
			);
			runOnlyForDeploymentPostprocessing = 0;
		};
		47729E1E22F447CA00B9B36B /* Frameworks */ = {
			isa = PBXFrameworksBuildPhase;
			buildActionMask = 2147483647;
			files = (
			);
			runOnlyForDeploymentPostprocessing = 0;
		};
/* End PBXFrameworksBuildPhase section */

/* Begin PBXGroup section */
		47729DF922F447C800B9B36B = {
			isa = PBXGroup;
			children = (
				47729E6D22F4806B00B9B36B /* ${sharedModuleName}.framework */,
				47729E0422F447C800B9B36B /* ${moduleName} */,
				47729E1922F447CA00B9B36B /* ${moduleName}Tests */,
				47729E2422F447CA00B9B36B /* ${moduleName}UITests */,
				47729E0322F447C800B9B36B /* Products */,
			);
			sourceTree = "<group>";
		};
		47729E0322F447C800B9B36B /* Products */ = {
			isa = PBXGroup;
			children = (
				47729E0222F447C800B9B36B /* ${moduleName}.app */,
				47729E1622F447CA00B9B36B /* ${moduleName}Tests.xctest */,
				47729E2122F447CA00B9B36B /* ${moduleName}UITests.xctest */,
			);
			name = Products;
			sourceTree = "<group>";
		};
		47729E0422F447C800B9B36B /* ${moduleName} */ = {
			isa = PBXGroup;
			children = (
				47729E0522F447C800B9B36B /* AppDelegate.swift */,
				47729E0722F447C800B9B36B /* ViewController.swift */,
				47729E0922F447C800B9B36B /* Main.storyboard */,
				47729E0C22F447CA00B9B36B /* Assets.xcassets */,
				47729E0E22F447CA00B9B36B /* LaunchScreen.storyboard */,
				47729E1122F447CA00B9B36B /* Info.plist */,
			);
			path = ${moduleName};
			sourceTree = "<group>";
		};
		47729E1922F447CA00B9B36B /* ${moduleName}Tests */ = {
			isa = PBXGroup;
			children = (
				47729E1A22F447CA00B9B36B /* ${moduleName}Tests.swift */,
				47729E1C22F447CA00B9B36B /* Info.plist */,
			);
			path = ${moduleName}Tests;
			sourceTree = "<group>";
		};
		47729E2422F447CA00B9B36B /* ${moduleName}UITests */ = {
			isa = PBXGroup;
			children = (
				47729E2522F447CA00B9B36B /* ${moduleName}UITests.swift */,
				47729E2722F447CA00B9B36B /* Info.plist */,
			);
			path = ${moduleName}UITests;
			sourceTree = "<group>";
		};
/* End PBXGroup section */

/* Begin PBXNativeTarget section */
		47729E0122F447C800B9B36B /* ${moduleName} */ = {
			isa = PBXNativeTarget;
			buildConfigurationList = 47729E2A22F447CA00B9B36B /* Build configuration list for PBXNativeTarget "${moduleName}" */;
			buildPhases = (
				47729E7122F480EB00B9B36B /* ShellScript */,
				47729DFE22F447C800B9B36B /* Sources */,
				47729DFF22F447C800B9B36B /* Frameworks */,
				47729E0022F447C800B9B36B /* Resources */,
				47729E7022F4806C00B9B36B /* Embed Frameworks */,
			);
			buildRules = (
			);
			dependencies = (
			);
			name = ${moduleName};
			productName = ${moduleName};
			productReference = 47729E0222F447C800B9B36B /* ${moduleName}.app */;
			productType = "com.apple.product-type.application";
		};
		47729E1522F447CA00B9B36B /* ${moduleName}Tests */ = {
			isa = PBXNativeTarget;
			buildConfigurationList = 47729E2D22F447CA00B9B36B /* Build configuration list for PBXNativeTarget "${moduleName}Tests" */;
			buildPhases = (
				47729E1222F447CA00B9B36B /* Sources */,
				47729E1322F447CA00B9B36B /* Frameworks */,
				47729E1422F447CA00B9B36B /* Resources */,
			);
			buildRules = (
			);
			dependencies = (
				47729E1822F447CA00B9B36B /* PBXTargetDependency */,
			);
			name = ${moduleName}Tests;
			productName = ${moduleName}Tests;
			productReference = 47729E1622F447CA00B9B36B /* ${moduleName}Tests.xctest */;
			productType = "com.apple.product-type.bundle.unit-test";
		};
		47729E2022F447CA00B9B36B /* ${moduleName}UITests */ = {
			isa = PBXNativeTarget;
			buildConfigurationList = 47729E3022F447CA00B9B36B /* Build configuration list for PBXNativeTarget "${moduleName}UITests" */;
			buildPhases = (
				47729E1D22F447CA00B9B36B /* Sources */,
				47729E1E22F447CA00B9B36B /* Frameworks */,
				47729E1F22F447CA00B9B36B /* Resources */,
			);
			buildRules = (
			);
			dependencies = (
				47729E2322F447CA00B9B36B /* PBXTargetDependency */,
			);
			name = ${moduleName}UITests;
			productName = ${moduleName}UITests;
			productReference = 47729E2122F447CA00B9B36B /* ${moduleName}UITests.xctest */;
			productType = "com.apple.product-type.bundle.ui-testing";
		};
/* End PBXNativeTarget section */

/* Begin PBXProject section */
		47729DFA22F447C800B9B36B /* Project object */ = {
			isa = PBXProject;
			attributes = {
				LastSwiftUpdateCheck = 1030;
				LastUpgradeCheck = 1030;
				ORGANIZATIONNAME = "Evgeny Petrenko";
				TargetAttributes = {
					47729E0122F447C800B9B36B = {
						CreatedOnToolsVersion = 10.3;
					};
					47729E1522F447CA00B9B36B = {
						CreatedOnToolsVersion = 10.3;
						TestTargetID = 47729E0122F447C800B9B36B;
					};
					47729E2022F447CA00B9B36B = {
						CreatedOnToolsVersion = 10.3;
						TestTargetID = 47729E0122F447C800B9B36B;
					};
				};
			};
			buildConfigurationList = 47729DFD22F447C800B9B36B /* Build configuration list for PBXProject "${moduleName}" */;
			compatibilityVersion = "Xcode 9.3";
			developmentRegion = en;
			hasScannedForEncodings = 0;
			knownRegions = (
				en,
				Base,
			);
			mainGroup = 47729DF922F447C800B9B36B;
			productRefGroup = 47729E0322F447C800B9B36B /* Products */;
			projectDirPath = "";
			projectRoot = "";
			targets = (
				47729E0122F447C800B9B36B /* ${moduleName} */,
				47729E1522F447CA00B9B36B /* ${moduleName}Tests */,
				47729E2022F447CA00B9B36B /* ${moduleName}UITests */,
			);
		};
/* End PBXProject section */

/* Begin PBXResourcesBuildPhase section */
		47729E0022F447C800B9B36B /* Resources */ = {
			isa = PBXResourcesBuildPhase;
			buildActionMask = 2147483647;
			files = (
				47729E1022F447CA00B9B36B /* LaunchScreen.storyboard in Resources */,
				47729E0D22F447CA00B9B36B /* Assets.xcassets in Resources */,
				47729E0B22F447C800B9B36B /* Main.storyboard in Resources */,
			);
			runOnlyForDeploymentPostprocessing = 0;
		};
		47729E1422F447CA00B9B36B /* Resources */ = {
			isa = PBXResourcesBuildPhase;
			buildActionMask = 2147483647;
			files = (
			);
			runOnlyForDeploymentPostprocessing = 0;
		};
		47729E1F22F447CA00B9B36B /* Resources */ = {
			isa = PBXResourcesBuildPhase;
			buildActionMask = 2147483647;
			files = (
			);
			runOnlyForDeploymentPostprocessing = 0;
		};
/* End PBXResourcesBuildPhase section */

/* Begin PBXShellScriptBuildPhase section */
		47729E7122F480EB00B9B36B /* ShellScript */ = {
			isa = PBXShellScriptBuildPhase;
			buildActionMask = 2147483647;
			files = (
			);
			inputFileListPaths = (
			);
			inputPaths = (
			);
			outputFileListPaths = (
			);
			outputPaths = (
			);
			runOnlyForDeploymentPostprocessing = 0;
			shellPath = /bin/sh;
			shellScript = "# Type a script or drag a script file from your workspace to insert its path.\n\ncd \"$SRCROOT/../../${sharedModuleName}/build/xcode-frameworks\"\n./gradlew :${sharedModuleName}:packForXCode -PXCODE_CONFIGURATION=${CONFIGURATION}\n";
		};
/* End PBXShellScriptBuildPhase section */

/* Begin PBXSourcesBuildPhase section */
		47729DFE22F447C800B9B36B /* Sources */ = {
			isa = PBXSourcesBuildPhase;
			buildActionMask = 2147483647;
			files = (
				47729E0822F447C800B9B36B /* ViewController.swift in Sources */,
				47729E0622F447C800B9B36B /* AppDelegate.swift in Sources */,
			);
			runOnlyForDeploymentPostprocessing = 0;
		};
		47729E1222F447CA00B9B36B /* Sources */ = {
			isa = PBXSourcesBuildPhase;
			buildActionMask = 2147483647;
			files = (
				47729E1B22F447CA00B9B36B /* ${moduleName}Tests.swift in Sources */,
			);
			runOnlyForDeploymentPostprocessing = 0;
		};
		47729E1D22F447CA00B9B36B /* Sources */ = {
			isa = PBXSourcesBuildPhase;
			buildActionMask = 2147483647;
			files = (
				47729E2622F447CA00B9B36B /* ${moduleName}UITests.swift in Sources */,
			);
			runOnlyForDeploymentPostprocessing = 0;
		};
/* End PBXSourcesBuildPhase section */

/* Begin PBXTargetDependency section */
		47729E1822F447CA00B9B36B /* PBXTargetDependency */ = {
			isa = PBXTargetDependency;
			target = 47729E0122F447C800B9B36B /* ${moduleName} */;
			targetProxy = 47729E1722F447CA00B9B36B /* PBXContainerItemProxy */;
		};
		47729E2322F447CA00B9B36B /* PBXTargetDependency */ = {
			isa = PBXTargetDependency;
			target = 47729E0122F447C800B9B36B /* ${moduleName} */;
			targetProxy = 47729E2222F447CA00B9B36B /* PBXContainerItemProxy */;
		};
/* End PBXTargetDependency section */

/* Begin PBXVariantGroup section */
		47729E0922F447C800B9B36B /* Main.storyboard */ = {
			isa = PBXVariantGroup;
			children = (
				47729E0A22F447C800B9B36B /* Base */,
			);
			name = Main.storyboard;
			sourceTree = "<group>";
		};
		47729E0E22F447CA00B9B36B /* LaunchScreen.storyboard */ = {
			isa = PBXVariantGroup;
			children = (
				47729E0F22F447CA00B9B36B /* Base */,
			);
			name = LaunchScreen.storyboard;
			sourceTree = "<group>";
		};
/* End PBXVariantGroup section */

/* Begin XCBuildConfiguration section */
		47729E2822F447CA00B9B36B /* Debug */ = {
			isa = XCBuildConfiguration;
			buildSettings = {
				ALWAYS_SEARCH_USER_PATHS = NO;
				CLANG_ANALYZER_NONNULL = YES;
				CLANG_ANALYZER_NUMBER_OBJECT_CONVERSION = YES_AGGRESSIVE;
				CLANG_CXX_LANGUAGE_STANDARD = "gnu++14";
				CLANG_CXX_LIBRARY = "libc++";
				CLANG_ENABLE_MODULES = YES;
				CLANG_ENABLE_OBJC_ARC = YES;
				CLANG_ENABLE_OBJC_WEAK = YES;
				CLANG_WARN_BLOCK_CAPTURE_AUTORELEASING = YES;
				CLANG_WARN_BOOL_CONVERSION = YES;
				CLANG_WARN_COMMA = YES;
				CLANG_WARN_CONSTANT_CONVERSION = YES;
				CLANG_WARN_DEPRECATED_OBJC_IMPLEMENTATIONS = YES;
				CLANG_WARN_DIRECT_OBJC_ISA_USAGE = YES_ERROR;
				CLANG_WARN_DOCUMENTATION_COMMENTS = YES;
				CLANG_WARN_EMPTY_BODY = YES;
				CLANG_WARN_ENUM_CONVERSION = YES;
				CLANG_WARN_INFINITE_RECURSION = YES;
				CLANG_WARN_INT_CONVERSION = YES;
				CLANG_WARN_NON_LITERAL_NULL_CONVERSION = YES;
				CLANG_WARN_OBJC_IMPLICIT_RETAIN_SELF = YES;
				CLANG_WARN_OBJC_LITERAL_CONVERSION = YES;
				CLANG_WARN_OBJC_ROOT_CLASS = YES_ERROR;
				CLANG_WARN_RANGE_LOOP_ANALYSIS = YES;
				CLANG_WARN_STRICT_PROTOTYPES = YES;
				CLANG_WARN_SUSPICIOUS_MOVE = YES;
				CLANG_WARN_UNGUARDED_AVAILABILITY = YES_AGGRESSIVE;
				CLANG_WARN_UNREACHABLE_CODE = YES;
				CLANG_WARN__DUPLICATE_METHOD_MATCH = YES;
				CODE_SIGN_IDENTITY = "iPhone Developer";
				COPY_PHASE_STRIP = NO;
				DEBUG_INFORMATION_FORMAT = dwarf;
				ENABLE_STRICT_OBJC_MSGSEND = YES;
				ENABLE_TESTABILITY = YES;
				GCC_C_LANGUAGE_STANDARD = gnu11;
				GCC_DYNAMIC_NO_PIC = NO;
				GCC_NO_COMMON_BLOCKS = YES;
				GCC_OPTIMIZATION_LEVEL = 0;
				GCC_PREPROCESSOR_DEFINITIONS = (
					"DEBUG=1",
					"$(inherited)",
				);
				GCC_WARN_64_TO_32_BIT_CONVERSION = YES;
				GCC_WARN_ABOUT_RETURN_TYPE = YES_ERROR;
				GCC_WARN_UNDECLARED_SELECTOR = YES;
				GCC_WARN_UNINITIALIZED_AUTOS = YES_AGGRESSIVE;
				GCC_WARN_UNUSED_FUNCTION = YES;
				GCC_WARN_UNUSED_VARIABLE = YES;
				IPHONEOS_DEPLOYMENT_TARGET = 12.4;
				MTL_ENABLE_DEBUG_INFO = INCLUDE_SOURCE;
				MTL_FAST_MATH = YES;
				ONLY_ACTIVE_ARCH = YES;
				SDKROOT = iphoneos;
				SWIFT_ACTIVE_COMPILATION_CONDITIONS = DEBUG;
				SWIFT_OPTIMIZATION_LEVEL = "-Onone";
			};
			name = Debug;
		};
		47729E2922F447CA00B9B36B /* Release */ = {
			isa = XCBuildConfiguration;
			buildSettings = {
				ALWAYS_SEARCH_USER_PATHS = NO;
				CLANG_ANALYZER_NONNULL = YES;
				CLANG_ANALYZER_NUMBER_OBJECT_CONVERSION = YES_AGGRESSIVE;
				CLANG_CXX_LANGUAGE_STANDARD = "gnu++14";
				CLANG_CXX_LIBRARY = "libc++";
				CLANG_ENABLE_MODULES = YES;
				CLANG_ENABLE_OBJC_ARC = YES;
				CLANG_ENABLE_OBJC_WEAK = YES;
				CLANG_WARN_BLOCK_CAPTURE_AUTORELEASING = YES;
				CLANG_WARN_BOOL_CONVERSION = YES;
				CLANG_WARN_COMMA = YES;
				CLANG_WARN_CONSTANT_CONVERSION = YES;
				CLANG_WARN_DEPRECATED_OBJC_IMPLEMENTATIONS = YES;
				CLANG_WARN_DIRECT_OBJC_ISA_USAGE = YES_ERROR;
				CLANG_WARN_DOCUMENTATION_COMMENTS = YES;
				CLANG_WARN_EMPTY_BODY = YES;
				CLANG_WARN_ENUM_CONVERSION = YES;
				CLANG_WARN_INFINITE_RECURSION = YES;
				CLANG_WARN_INT_CONVERSION = YES;
				CLANG_WARN_NON_LITERAL_NULL_CONVERSION = YES;
				CLANG_WARN_OBJC_IMPLICIT_RETAIN_SELF = YES;
				CLANG_WARN_OBJC_LITERAL_CONVERSION = YES;
				CLANG_WARN_OBJC_ROOT_CLASS = YES_ERROR;
				CLANG_WARN_RANGE_LOOP_ANALYSIS = YES;
				CLANG_WARN_STRICT_PROTOTYPES = YES;
				CLANG_WARN_SUSPICIOUS_MOVE = YES;
				CLANG_WARN_UNGUARDED_AVAILABILITY = YES_AGGRESSIVE;
				CLANG_WARN_UNREACHABLE_CODE = YES;
				CLANG_WARN__DUPLICATE_METHOD_MATCH = YES;
				CODE_SIGN_IDENTITY = "iPhone Developer";
				COPY_PHASE_STRIP = NO;
				DEBUG_INFORMATION_FORMAT = "dwarf-with-dsym";
				ENABLE_NS_ASSERTIONS = NO;
				ENABLE_STRICT_OBJC_MSGSEND = YES;
				GCC_C_LANGUAGE_STANDARD = gnu11;
				GCC_NO_COMMON_BLOCKS = YES;
				GCC_WARN_64_TO_32_BIT_CONVERSION = YES;
				GCC_WARN_ABOUT_RETURN_TYPE = YES_ERROR;
				GCC_WARN_UNDECLARED_SELECTOR = YES;
				GCC_WARN_UNINITIALIZED_AUTOS = YES_AGGRESSIVE;
				GCC_WARN_UNUSED_FUNCTION = YES;
				GCC_WARN_UNUSED_VARIABLE = YES;
				IPHONEOS_DEPLOYMENT_TARGET = 12.4;
				MTL_ENABLE_DEBUG_INFO = NO;
				MTL_FAST_MATH = YES;
				SDKROOT = iphoneos;
				SWIFT_COMPILATION_MODE = wholemodule;
				SWIFT_OPTIMIZATION_LEVEL = "-O";
				VALIDATE_PRODUCT = YES;
			};
			name = Release;
		};
		47729E2B22F447CA00B9B36B /* Debug */ = {
			isa = XCBuildConfiguration;
			buildSettings = {
				ASSETCATALOG_COMPILER_APPICON_NAME = AppIcon;
				CODE_SIGN_STYLE = Automatic;
				FRAMEWORK_SEARCH_PATHS = "$(SRCROOT)/../../${sharedModuleName}/build/xcode-frameworks";
				INFOPLIST_FILE = ${moduleName}/Info.plist;
				LD_RUNPATH_SEARCH_PATHS = (
					"$(inherited)",
					"@executable_path/Frameworks",
				);
				PRODUCT_BUNDLE_IDENTIFIER = com.jetbrains.handson.mpp.mobile.${moduleName};
				PRODUCT_NAME = "$(TARGET_NAME)";
				SWIFT_VERSION = 5.0;
				TARGETED_DEVICE_FAMILY = "1,2";
			};
			name = Debug;
		};
		47729E2C22F447CA00B9B36B /* Release */ = {
			isa = XCBuildConfiguration;
			buildSettings = {
				ASSETCATALOG_COMPILER_APPICON_NAME = AppIcon;
				CODE_SIGN_STYLE = Automatic;
				FRAMEWORK_SEARCH_PATHS = "$(SRCROOT)/../../${sharedModuleName}/build/xcode-frameworks";
				INFOPLIST_FILE = ${moduleName}/Info.plist;
				LD_RUNPATH_SEARCH_PATHS = (
					"$(inherited)",
					"@executable_path/Frameworks",
				);
				PRODUCT_BUNDLE_IDENTIFIER = com.jetbrains.handson.mpp.mobile.${moduleName};
				PRODUCT_NAME = "$(TARGET_NAME)";
				SWIFT_VERSION = 5.0;
				TARGETED_DEVICE_FAMILY = "1,2";
			};
			name = Release;
		};
		47729E2E22F447CA00B9B36B /* Debug */ = {
			isa = XCBuildConfiguration;
			buildSettings = {
				ALWAYS_EMBED_SWIFT_STANDARD_LIBRARIES = YES;
				BUNDLE_LOADER = "$(TEST_HOST)";
				CODE_SIGN_STYLE = Automatic;
				INFOPLIST_FILE = ${moduleName}Tests/Info.plist;
				LD_RUNPATH_SEARCH_PATHS = (
					"$(inherited)",
					"@executable_path/Frameworks",
					"@loader_path/Frameworks",
				);
				PRODUCT_BUNDLE_IDENTIFIER = com.jetbrains.handson.mpp.mobile.${moduleName}Tests;
				PRODUCT_NAME = "$(TARGET_NAME)";
				SWIFT_VERSION = 5.0;
				TARGETED_DEVICE_FAMILY = "1,2";
				TEST_HOST = "$(BUILT_PRODUCTS_DIR)/${moduleName}.app/${moduleName}";
			};
			name = Debug;
		};
		47729E2F22F447CA00B9B36B /* Release */ = {
			isa = XCBuildConfiguration;
			buildSettings = {
				ALWAYS_EMBED_SWIFT_STANDARD_LIBRARIES = YES;
				BUNDLE_LOADER = "$(TEST_HOST)";
				CODE_SIGN_STYLE = Automatic;
				INFOPLIST_FILE = ${moduleName}Tests/Info.plist;
				LD_RUNPATH_SEARCH_PATHS = (
					"$(inherited)",
					"@executable_path/Frameworks",
					"@loader_path/Frameworks",
				);
				PRODUCT_BUNDLE_IDENTIFIER = com.jetbrains.handson.mpp.mobile.${moduleName}Tests;
				PRODUCT_NAME = "$(TARGET_NAME)";
				SWIFT_VERSION = 5.0;
				TARGETED_DEVICE_FAMILY = "1,2";
				TEST_HOST = "$(BUILT_PRODUCTS_DIR)/${moduleName}.app/${moduleName}";
			};
			name = Release;
		};
		47729E3122F447CA00B9B36B /* Debug */ = {
			isa = XCBuildConfiguration;
			buildSettings = {
				ALWAYS_EMBED_SWIFT_STANDARD_LIBRARIES = YES;
				CODE_SIGN_STYLE = Automatic;
				INFOPLIST_FILE = ${moduleName}UITests/Info.plist;
				LD_RUNPATH_SEARCH_PATHS = (
					"$(inherited)",
					"@executable_path/Frameworks",
					"@loader_path/Frameworks",
				);
				PRODUCT_BUNDLE_IDENTIFIER = com.jetbrains.handson.mpp.mobile.${moduleName}UITests;
				PRODUCT_NAME = "$(TARGET_NAME)";
				SWIFT_VERSION = 5.0;
				TARGETED_DEVICE_FAMILY = "1,2";
				TEST_TARGET_NAME = ${moduleName};
			};
			name = Debug;
		};
		47729E3222F447CA00B9B36B /* Release */ = {
			isa = XCBuildConfiguration;
			buildSettings = {
				ALWAYS_EMBED_SWIFT_STANDARD_LIBRARIES = YES;
				CODE_SIGN_STYLE = Automatic;
				INFOPLIST_FILE = ${moduleName}UITests/Info.plist;
				LD_RUNPATH_SEARCH_PATHS = (
					"$(inherited)",
					"@executable_path/Frameworks",
					"@loader_path/Frameworks",
				);
				PRODUCT_BUNDLE_IDENTIFIER = com.jetbrains.handson.mpp.mobile.${moduleName}UITests;
				PRODUCT_NAME = "$(TARGET_NAME)";
				SWIFT_VERSION = 5.0;
				TARGETED_DEVICE_FAMILY = "1,2";
				TEST_TARGET_NAME = ${moduleName};
			};
			name = Release;
		};
/* End XCBuildConfiguration section */

/* Begin XCConfigurationList section */
		47729DFD22F447C800B9B36B /* Build configuration list for PBXProject "${moduleName}" */ = {
			isa = XCConfigurationList;
			buildConfigurations = (
				47729E2822F447CA00B9B36B /* Debug */,
				47729E2922F447CA00B9B36B /* Release */,
			);
			defaultConfigurationIsVisible = 0;
			defaultConfigurationName = Release;
		};
		47729E2A22F447CA00B9B36B /* Build configuration list for PBXNativeTarget "${moduleName}" */ = {
			isa = XCConfigurationList;
			buildConfigurations = (
				47729E2B22F447CA00B9B36B /* Debug */,
				47729E2C22F447CA00B9B36B /* Release */,
			);
			defaultConfigurationIsVisible = 0;
			defaultConfigurationName = Release;
		};
		47729E2D22F447CA00B9B36B /* Build configuration list for PBXNativeTarget "${moduleName}Tests" */ = {
			isa = XCConfigurationList;
			buildConfigurations = (
				47729E2E22F447CA00B9B36B /* Debug */,
				47729E2F22F447CA00B9B36B /* Release */,
			);
			defaultConfigurationIsVisible = 0;
			defaultConfigurationName = Release;
		};
		47729E3022F447CA00B9B36B /* Build configuration list for PBXNativeTarget "${moduleName}UITests" */ = {
			isa = XCConfigurationList;
			buildConfigurations = (
				47729E3122F447CA00B9B36B /* Debug */,
				47729E3222F447CA00B9B36B /* Release */,
			);
			defaultConfigurationIsVisible = 0;
			defaultConfigurationName = Release;
		};
/* End XCConfigurationList section */
	};
	rootObject = 47729DFA22F447C800B9B36B /* Project object */;
}
