# THIS IS AN AUTOGENERATED FILE. DO NOT EDIT THIS FILE DIRECTLY.
# yarn lockfile v1


serialize-javascript@7.0.3:
  version "7.0.3"
  resolved "https://registry.yarnpkg.com/serialize-javascript/-/serialize-javascript-7.0.3.tgz#c92008d8a21bc7b2307c2e885a4bd0f03b2aee6c"
  integrity sha512-h+cZ/XXarqDgCjo+YSyQU/ulDEESGGf8AMK9pPNmhNSl/FzPl6L8pMp1leca5z6NuG6tvV/auC8/43tmovowww==
