{
  "name": "kotlin-wasm-package-lock-project",
  "version": "1.0.0-SNAPSHOT",
  "lockfileVersion": 3,
  "requires": true,
  "packages": {
    "": {
      "name": "kotlin-wasm-package-lock-project",
      "version": "1.0.0-SNAPSHOT",
      "workspaces": [
        "packages/kotlin-wasm-package-lock-project-wasm-js",
        "packages/kotlin-wasm-package-lock-project-wasm-js-test"
      ],
      "devDependencies": {}
    },
    "node_modules/kotlin-wasm-package-lock-project-wasm-js": {
      "resolved": "packages/kotlin-wasm-package-lock-project-wasm-js",
      "link": true
    },
    "node_modules/kotlin-wasm-package-lock-project-wasm-js-test": {
      "resolved": "packages/kotlin-wasm-package-lock-project-wasm-js-test",
      "link": true
    },
    "packages/kotlin-wasm-package-lock-project-wasm-js": {
      "version": "1.0.0-SNAPSHOT",
      "devDependencies": {}
    },
    "packages/kotlin-wasm-package-lock-project-wasm-js-test": {
      "version": "1.0.0-SNAPSHOT",
      "devDependencies": {}
    }
  }
}
